// !$*UTF8*$!
{
	archiveVersion = 1;
	classes = {
	};
	objectVersion = 56;
	objects = {

/* Begin PBXBuildFile section */
		272488C02A89CB1500572023 /* AppDelegate.swift in Sources */ = {isa = PBXBuildFile; fileRef = 272488BF2A89CB1500572023 /* AppDelegate.swift */; };
		272488C22A89CB1500572023 /* SceneDelegate.swift in Sources */ = {isa = PBXBuildFile; fileRef = 272488C12A89CB1500572023 /* SceneDelegate.swift */; };
		272488C42A89CB1500572023 /* ViewController.swift in Sources */ = {isa = PBXBuildFile; fileRef = 272488C32A89CB1500572023 /* ViewController.swift */; };
		272488C72A89CB1500572023 /* Main.storyboard in Resources */ = {isa = PBXBuildFile; fileRef = 272488C52A89CB1500572023 /* Main.storyboard */; };
		272488C92A89CB1500572023 /* Assets.xcassets in Resources */ = {isa = PBXBuildFile; fileRef = 272488C82A89CB1500572023 /* Assets.xcassets */; };
		272488CC2A89CB1500572023 /* LaunchScreen.storyboard in Resources */ = {isa = PBXBuildFile; fileRef = 272488CA2A89CB1500572023 /* LaunchScreen.storyboard */; };
		272488D42A89CBCC00572023 /* Data.swift in Sources */ = {isa = PBXBuildFile; fileRef = 272488D32A89CBCC00572023 /* Data.swift */; };
		272488D62A89DAE600572023 /* HomeViewController.swift in Sources */ = {isa = PBXBuildFile; fileRef = 272488D52A89DAE600572023 /* HomeViewController.swift */; };
		272488D92A89DB0100572023 /* HomeStoryboard.storyboard in Resources */ = {isa = PBXBuildFile; fileRef = 272488D82A89DB0100572023 /* HomeStoryboard.storyboard */; };
		272488DC2A89DB3400572023 /* MyPageViewController.swift in Sources */ = {isa = PBXBuildFile; fileRef = 272488DB2A89DB3400572023 /* MyPageViewController.swift */; };
		272488DE2A89DB4100572023 /* MyPageStoryboard.storyboard in Resources */ = {isa = PBXBuildFile; fileRef = 272488DD2A89DB4100572023 /* MyPageStoryboard.storyboard */; };
		272488E12A89DB5A00572023 /* DetailPageViewController.swift in Sources */ = {isa = PBXBuildFile; fileRef = 272488E02A89DB5A00572023 /* DetailPageViewController.swift */; };
		272488E32A89DB6700572023 /* DetailPageStoryboard.storyboard in Resources */ = {isa = PBXBuildFile; fileRef = 272488E22A89DB6700572023 /* DetailPageStoryboard.storyboard */; };
		272488E62A89DB8500572023 /* ChatViewController.swift in Sources */ = {isa = PBXBuildFile; fileRef = 272488E52A89DB8500572023 /* ChatViewController.swift */; };
		272488E82A89DB8B00572023 /* ChatStoryboard.storyboard in Resources */ = {isa = PBXBuildFile; fileRef = 272488E72A89DB8B00572023 /* ChatStoryboard.storyboard */; };
		6782FCDE2A8A19C10035C232 /* MyPageEditViewController.swift in Sources */ = {isa = PBXBuildFile; fileRef = 6782FCDD2A8A19C10035C232 /* MyPageEditViewController.swift */; };
		6782FCE02A8B548C0035C232 /* MypageModel.swift in Sources */ = {isa = PBXBuildFile; fileRef = 6782FCDF2A8B548C0035C232 /* MypageModel.swift */; };
		6782FCE52A8BA6750035C232 /* TableViewCell.swift in Sources */ = {isa = PBXBuildFile; fileRef = 6782FCE32A8BA6750035C232 /* TableViewCell.swift */; };
		6782FCE62A8BA6750035C232 /* TableViewCell.xib in Resources */ = {isa = PBXBuildFile; fileRef = 6782FCE42A8BA6750035C232 /* TableViewCell.xib */; };
		E787EF092A8A35170009F56A /* ModifyPageViewController.swift in Sources */ = {isa = PBXBuildFile; fileRef = E787EF082A8A35170009F56A /* ModifyPageViewController.swift */; };
		E787EF0B2A8A427A0009F56A /* Detail.xcassets in Resources */ = {isa = PBXBuildFile; fileRef = E787EF0A2A8A427A0009F56A /* Detail.xcassets */; };
		272488EB2A89F6C700572023 /* ChatTableViewCell.swift in Sources */ = {isa = PBXBuildFile; fileRef = 272488E92A89F6C700572023 /* ChatTableViewCell.swift */; };
		272488EC2A89F6C700572023 /* ChatTableViewCell.xib in Resources */ = {isa = PBXBuildFile; fileRef = 272488EA2A89F6C700572023 /* ChatTableViewCell.xib */; };
		272488EF2A8A02A400572023 /* ChatDetailController.swift in Sources */ = {isa = PBXBuildFile; fileRef = 272488EE2A8A02A400572023 /* ChatDetailController.swift */; };
		272488F52A8A035D00572023 /* ChatDetailCell.swift in Sources */ = {isa = PBXBuildFile; fileRef = 272488F32A8A035D00572023 /* ChatDetailCell.swift */; };
		272488F62A8A035D00572023 /* ChatDetailCell.xib in Resources */ = {isa = PBXBuildFile; fileRef = 272488F42A8A035D00572023 /* ChatDetailCell.xib */; };
		2726E54F2A8DAB750077ED14 /* LabelDesign.swift in Sources */ = {isa = PBXBuildFile; fileRef = 2726E54E2A8DAB750077ED14 /* LabelDesign.swift */; };
/* End PBXBuildFile section */

/* Begin PBXFileReference section */
		272488BC2A89CB1500572023 /* naverBandCopy.app */ = {isa = PBXFileReference; explicitFileType = wrapper.application; includeInIndex = 0; path = naverBandCopy.app; sourceTree = BUILT_PRODUCTS_DIR; };
		272488BF2A89CB1500572023 /* AppDelegate.swift */ = {isa = PBXFileReference; lastKnownFileType = sourcecode.swift; path = AppDelegate.swift; sourceTree = "<group>"; };
		272488C12A89CB1500572023 /* SceneDelegate.swift */ = {isa = PBXFileReference; lastKnownFileType = sourcecode.swift; path = SceneDelegate.swift; sourceTree = "<group>"; };
		272488C32A89CB1500572023 /* ViewController.swift */ = {isa = PBXFileReference; lastKnownFileType = sourcecode.swift; path = ViewController.swift; sourceTree = "<group>"; };
		272488C62A89CB1500572023 /* Base */ = {isa = PBXFileReference; lastKnownFileType = file.storyboard; name = Base; path = Base.lproj/Main.storyboard; sourceTree = "<group>"; };
		272488C82A89CB1500572023 /* Assets.xcassets */ = {isa = PBXFileReference; lastKnownFileType = folder.assetcatalog; path = Assets.xcassets; sourceTree = "<group>"; };
		272488CB2A89CB1500572023 /* Base */ = {isa = PBXFileReference; lastKnownFileType = file.storyboard; name = Base; path = Base.lproj/LaunchScreen.storyboard; sourceTree = "<group>"; };
		272488CD2A89CB1500572023 /* Info.plist */ = {isa = PBXFileReference; lastKnownFileType = text.plist.xml; path = Info.plist; sourceTree = "<group>"; };
		272488D32A89CBCC00572023 /* Data.swift */ = {isa = PBXFileReference; lastKnownFileType = sourcecode.swift; path = Data.swift; sourceTree = "<group>"; };
		272488D52A89DAE600572023 /* HomeViewController.swift */ = {isa = PBXFileReference; lastKnownFileType = sourcecode.swift; path = HomeViewController.swift; sourceTree = "<group>"; };
		272488D82A89DB0100572023 /* HomeStoryboard.storyboard */ = {isa = PBXFileReference; lastKnownFileType = file.storyboard; path = HomeStoryboard.storyboard; sourceTree = "<group>"; };
		272488DB2A89DB3400572023 /* MyPageViewController.swift */ = {isa = PBXFileReference; lastKnownFileType = sourcecode.swift; path = MyPageViewController.swift; sourceTree = "<group>"; };
		272488DD2A89DB4100572023 /* MyPageStoryboard.storyboard */ = {isa = PBXFileReference; lastKnownFileType = file.storyboard; path = MyPageStoryboard.storyboard; sourceTree = "<group>"; };
		272488E02A89DB5A00572023 /* DetailPageViewController.swift */ = {isa = PBXFileReference; lastKnownFileType = sourcecode.swift; path = DetailPageViewController.swift; sourceTree = "<group>"; };
		272488E22A89DB6700572023 /* DetailPageStoryboard.storyboard */ = {isa = PBXFileReference; lastKnownFileType = file.storyboard; path = DetailPageStoryboard.storyboard; sourceTree = "<group>"; };
		272488E52A89DB8500572023 /* ChatViewController.swift */ = {isa = PBXFileReference; lastKnownFileType = sourcecode.swift; path = ChatViewController.swift; sourceTree = "<group>"; };
		272488E72A89DB8B00572023 /* ChatStoryboard.storyboard */ = {isa = PBXFileReference; lastKnownFileType = file.storyboard; path = ChatStoryboard.storyboard; sourceTree = "<group>"; };
		6782FCDD2A8A19C10035C232 /* MyPageEditViewController.swift */ = {isa = PBXFileReference; lastKnownFileType = sourcecode.swift; path = MyPageEditViewController.swift; sourceTree = "<group>"; };
		6782FCDF2A8B548C0035C232 /* MypageModel.swift */ = {isa = PBXFileReference; lastKnownFileType = sourcecode.swift; path = MypageModel.swift; sourceTree = "<group>"; };
		6782FCE32A8BA6750035C232 /* TableViewCell.swift */ = {isa = PBXFileReference; lastKnownFileType = sourcecode.swift; path = TableViewCell.swift; sourceTree = "<group>"; };
		6782FCE42A8BA6750035C232 /* TableViewCell.xib */ = {isa = PBXFileReference; lastKnownFileType = file.xib; path = TableViewCell.xib; sourceTree = "<group>"; };
		E787EF082A8A35170009F56A /* ModifyPageViewController.swift */ = {isa = PBXFileReference; lastKnownFileType = sourcecode.swift; path = ModifyPageViewController.swift; sourceTree = "<group>"; };
		E787EF0A2A8A427A0009F56A /* Detail.xcassets */ = {isa = PBXFileReference; lastKnownFileType = folder.assetcatalog; path = Detail.xcassets; sourceTree = "<group>"; };
		272488E92A89F6C700572023 /* ChatTableViewCell.swift */ = {isa = PBXFileReference; lastKnownFileType = sourcecode.swift; path = ChatTableViewCell.swift; sourceTree = "<group>"; };
		272488EA2A89F6C700572023 /* ChatTableViewCell.xib */ = {isa = PBXFileReference; lastKnownFileType = file.xib; path = ChatTableViewCell.xib; sourceTree = "<group>"; };
		272488EE2A8A02A400572023 /* ChatDetailController.swift */ = {isa = PBXFileReference; lastKnownFileType = sourcecode.swift; path = ChatDetailController.swift; sourceTree = "<group>"; };
		272488F32A8A035D00572023 /* ChatDetailCell.swift */ = {isa = PBXFileReference; lastKnownFileType = sourcecode.swift; path = ChatDetailCell.swift; sourceTree = "<group>"; };
		272488F42A8A035D00572023 /* ChatDetailCell.xib */ = {isa = PBXFileReference; lastKnownFileType = file.xib; path = ChatDetailCell.xib; sourceTree = "<group>"; };
		2726E54E2A8DAB750077ED14 /* LabelDesign.swift */ = {isa = PBXFileReference; lastKnownFileType = sourcecode.swift; path = LabelDesign.swift; sourceTree = "<group>"; };
/* End PBXFileReference section */

/* Begin PBXFrameworksBuildPhase section */
		272488B92A89CB1500572023 /* Frameworks */ = {
			isa = PBXFrameworksBuildPhase;
			buildActionMask = 2147483647;
			files = (
			);
			runOnlyForDeploymentPostprocessing = 0;
		};
/* End PBXFrameworksBuildPhase section */

/* Begin PBXGroup section */
		272488B32A89CB1500572023 = {
			isa = PBXGroup;
			children = (
				272488D72A89DAF200572023 /* Home */,
				272488DF2A89DB4800572023 /* DetailPage */,
				272488DA2A89DB2400572023 /* MyPage */,
				272488E42A89DB7700572023 /* Chat */,
				272488BE2A89CB1500572023 /* naverBandCopy */,
				272488BD2A89CB1500572023 /* Products */,
			);
			sourceTree = "<group>";
		};
		272488BD2A89CB1500572023 /* Products */ = {
			isa = PBXGroup;
			children = (
				272488BC2A89CB1500572023 /* naverBandCopy.app */,
			);
			name = Products;
			sourceTree = "<group>";
		};
		272488BE2A89CB1500572023 /* naverBandCopy */ = {
			isa = PBXGroup;
			children = (
				272488BF2A89CB1500572023 /* AppDelegate.swift */,
				272488C12A89CB1500572023 /* SceneDelegate.swift */,
				272488C32A89CB1500572023 /* ViewController.swift */,
				272488D32A89CBCC00572023 /* Data.swift */,
				272488C52A89CB1500572023 /* Main.storyboard */,
				272488C82A89CB1500572023 /* Assets.xcassets */,
				272488CA2A89CB1500572023 /* LaunchScreen.storyboard */,
				272488CD2A89CB1500572023 /* Info.plist */,
			);
			path = naverBandCopy;
			sourceTree = "<group>";
		};
		272488D72A89DAF200572023 /* Home */ = {
			isa = PBXGroup;
			children = (
				272488D52A89DAE600572023 /* HomeViewController.swift */,
				272488D82A89DB0100572023 /* HomeStoryboard.storyboard */,
			);
			path = Home;
			sourceTree = "<group>";
		};
		272488DA2A89DB2400572023 /* MyPage */ = {
			isa = PBXGroup;
			children = (
				6782FCDF2A8B548C0035C232 /* MypageModel.swift */,
				272488DD2A89DB4100572023 /* MyPageStoryboard.storyboard */,
				272488DB2A89DB3400572023 /* MyPageViewController.swift */,
				6782FCDD2A8A19C10035C232 /* MyPageEditViewController.swift */,
				6782FCE32A8BA6750035C232 /* TableViewCell.swift */,
				6782FCE42A8BA6750035C232 /* TableViewCell.xib */,
			);
			path = MyPage;
			sourceTree = "<group>";
		};
		272488DF2A89DB4800572023 /* DetailPage */ = {
			isa = PBXGroup;
			children = (
				272488E02A89DB5A00572023 /* DetailPageViewController.swift */,
				E787EF082A8A35170009F56A /* ModifyPageViewController.swift */,
				272488E22A89DB6700572023 /* DetailPageStoryboard.storyboard */,
				E787EF0A2A8A427A0009F56A /* Detail.xcassets */,
			);
			path = DetailPage;
			sourceTree = "<group>";
		};
		272488E42A89DB7700572023 /* Chat */ = {
			isa = PBXGroup;
			children = (
				272488E52A89DB8500572023 /* ChatViewController.swift */,
				272488EE2A8A02A400572023 /* ChatDetailController.swift */,
				272488E72A89DB8B00572023 /* ChatStoryboard.storyboard */,
				272488F02A8A032F00572023 /* ChatDetailCell */,
				272488ED2A89F6CD00572023 /* ChatTableViewCell */,
				2726E54E2A8DAB750077ED14 /* LabelDesign.swift */,
			);
			path = Chat;
			sourceTree = "<group>";
		};
		272488ED2A89F6CD00572023 /* ChatTableViewCell */ = {
			isa = PBXGroup;
			children = (
				272488E92A89F6C700572023 /* ChatTableViewCell.swift */,
				272488EA2A89F6C700572023 /* ChatTableViewCell.xib */,
			);
			path = ChatTableViewCell;
			sourceTree = "<group>";
		};
		272488F02A8A032F00572023 /* ChatDetailCell */ = {
			isa = PBXGroup;
			children = (
				272488F32A8A035D00572023 /* ChatDetailCell.swift */,
				272488F42A8A035D00572023 /* ChatDetailCell.xib */,
			);
			path = ChatDetailCell;
			sourceTree = "<group>";
		};
/* End PBXGroup section */

/* Begin PBXNativeTarget section */
		272488BB2A89CB1500572023 /* naverBandCopy */ = {
			isa = PBXNativeTarget;
			buildConfigurationList = 272488D02A89CB1500572023 /* Build configuration list for PBXNativeTarget "naverBandCopy" */;
			buildPhases = (
				272488B82A89CB1500572023 /* Sources */,
				272488B92A89CB1500572023 /* Frameworks */,
				272488BA2A89CB1500572023 /* Resources */,
			);
			buildRules = (
			);
			dependencies = (
			);
			name = naverBandCopy;
			productName = naverBandCopy;
			productReference = 272488BC2A89CB1500572023 /* naverBandCopy.app */;
			productType = "com.apple.product-type.application";
		};
/* End PBXNativeTarget section */

/* Begin PBXProject section */
		272488B42A89CB1500572023 /* Project object */ = {
			isa = PBXProject;
			attributes = {
				BuildIndependentTargetsInParallel = 1;
				LastSwiftUpdateCheck = 1430;
				LastUpgradeCheck = 1430;
				TargetAttributes = {
					272488BB2A89CB1500572023 = {
						CreatedOnToolsVersion = 14.3.1;
					};
				};
			};
			buildConfigurationList = 272488B72A89CB1500572023 /* Build configuration list for PBXProject "naverBandCopy" */;
			compatibilityVersion = "Xcode 14.0";
			developmentRegion = en;
			hasScannedForEncodings = 0;
			knownRegions = (
				en,
				Base,
			);
			mainGroup = 272488B32A89CB1500572023;
			productRefGroup = 272488BD2A89CB1500572023 /* Products */;
			projectDirPath = "";
			projectRoot = "";
			targets = (
				272488BB2A89CB1500572023 /* naverBandCopy */,
			);
		};
/* End PBXProject section */

/* Begin PBXResourcesBuildPhase section */
		272488BA2A89CB1500572023 /* Resources */ = {
			isa = PBXResourcesBuildPhase;
			buildActionMask = 2147483647;
			files = (
				272488F62A8A035D00572023 /* ChatDetailCell.xib in Resources */,
				272488CC2A89CB1500572023 /* LaunchScreen.storyboard in Resources */,
				272488EC2A89F6C700572023 /* ChatTableViewCell.xib in Resources */,
				272488DE2A89DB4100572023 /* MyPageStoryboard.storyboard in Resources */,
				272488C92A89CB1500572023 /* Assets.xcassets in Resources */,
				272488D92A89DB0100572023 /* HomeStoryboard.storyboard in Resources */,
				272488C72A89CB1500572023 /* Main.storyboard in Resources */,
				6782FCE62A8BA6750035C232 /* TableViewCell.xib in Resources */,
				272488E32A89DB6700572023 /* DetailPageStoryboard.storyboard in Resources */,
				E787EF0B2A8A427A0009F56A /* Detail.xcassets in Resources */,
				272488E82A89DB8B00572023 /* ChatStoryboard.storyboard in Resources */,
			);
			runOnlyForDeploymentPostprocessing = 0;
		};
/* End PBXResourcesBuildPhase section */

/* Begin PBXSourcesBuildPhase section */
		272488B82A89CB1500572023 /* Sources */ = {
			isa = PBXSourcesBuildPhase;
			buildActionMask = 2147483647;
			files = (
				6782FCE02A8B548C0035C232 /* MypageModel.swift in Sources */,
				272488D62A89DAE600572023 /* HomeViewController.swift in Sources */,
				272488DC2A89DB3400572023 /* MyPageViewController.swift in Sources */,
				272488E62A89DB8500572023 /* ChatViewController.swift in Sources */,
				272488EB2A89F6C700572023 /* ChatTableViewCell.swift in Sources */,
				272488C42A89CB1500572023 /* ViewController.swift in Sources */,
				272488EF2A8A02A400572023 /* ChatDetailController.swift in Sources */,
				2726E54F2A8DAB750077ED14 /* LabelDesign.swift in Sources */,
				272488C02A89CB1500572023 /* AppDelegate.swift in Sources */,
				6782FCE52A8BA6750035C232 /* TableViewCell.swift in Sources */,
				6782FCDE2A8A19C10035C232 /* MyPageEditViewController.swift in Sources */,
				E787EF092A8A35170009F56A /* ModifyPageViewController.swift in Sources */,
				272488F52A8A035D00572023 /* ChatDetailCell.swift in Sources */,
				272488E12A89DB5A00572023 /* DetailPageViewController.swift in Sources */,
				272488C22A89CB1500572023 /* SceneDelegate.swift in Sources */,
				272488D42A89CBCC00572023 /* Data.swift in Sources */,
			);
			runOnlyForDeploymentPostprocessing = 0;
		};
/* End PBXSourcesBuildPhase section */

/* Begin PBXVariantGroup section */
		272488C52A89CB1500572023 /* Main.storyboard */ = {
			isa = PBXVariantGroup;
			children = (
				272488C62A89CB1500572023 /* Base */,
			);
			name = Main.storyboard;
			sourceTree = "<group>";
		};
		272488CA2A89CB1500572023 /* LaunchScreen.storyboard */ = {
			isa = PBXVariantGroup;
			children = (
				272488CB2A89CB1500572023 /* Base */,
			);
			name = LaunchScreen.storyboard;
			sourceTree = "<group>";
		};
/* End PBXVariantGroup section */

/* Begin XCBuildConfiguration section */
		272488CE2A89CB1500572023 /* Debug */ = {
			isa = XCBuildConfiguration;
			buildSettings = {
				ALWAYS_SEARCH_USER_PATHS = NO;
				CLANG_ANALYZER_NONNULL = YES;
				CLANG_ANALYZER_NUMBER_OBJECT_CONVERSION = YES_AGGRESSIVE;
				CLANG_CXX_LANGUAGE_STANDARD = "gnu++20";
				CLANG_ENABLE_MODULES = YES;
				CLANG_ENABLE_OBJC_ARC = YES;
				CLANG_ENABLE_OBJC_WEAK = YES;
				CLANG_WARN_BLOCK_CAPTURE_AUTORELEASING = YES;
				CLANG_WARN_BOOL_CONVERSION = YES;
				CLANG_WARN_COMMA = YES;
				CLANG_WARN_CONSTANT_CONVERSION = YES;
				CLANG_WARN_DEPRECATED_OBJC_IMPLEMENTATIONS = YES;
				CLANG_WARN_DIRECT_OBJC_ISA_USAGE = YES_ERROR;
				CLANG_WARN_DOCUMENTATION_COMMENTS = YES;
				CLANG_WARN_EMPTY_BODY = YES;
				CLANG_WARN_ENUM_CONVERSION = YES;
				CLANG_WARN_INFINITE_RECURSION = YES;
				CLANG_WARN_INT_CONVERSION = YES;
				CLANG_WARN_NON_LITERAL_NULL_CONVERSION = YES;
				CLANG_WARN_OBJC_IMPLICIT_RETAIN_SELF = YES;
				CLANG_WARN_OBJC_LITERAL_CONVERSION = YES;
				CLANG_WARN_OBJC_ROOT_CLASS = YES_ERROR;
				CLANG_WARN_QUOTED_INCLUDE_IN_FRAMEWORK_HEADER = YES;
				CLANG_WARN_RANGE_LOOP_ANALYSIS = YES;
				CLANG_WARN_STRICT_PROTOTYPES = YES;
				CLANG_WARN_SUSPICIOUS_MOVE = YES;
				CLANG_WARN_UNGUARDED_AVAILABILITY = YES_AGGRESSIVE;
				CLANG_WARN_UNREACHABLE_CODE = YES;
				CLANG_WARN__DUPLICATE_METHOD_MATCH = YES;
				COPY_PHASE_STRIP = NO;
				DEBUG_INFORMATION_FORMAT = dwarf;
				ENABLE_STRICT_OBJC_MSGSEND = YES;
				ENABLE_TESTABILITY = YES;
				GCC_C_LANGUAGE_STANDARD = gnu11;
				GCC_DYNAMIC_NO_PIC = NO;
				GCC_NO_COMMON_BLOCKS = YES;
				GCC_OPTIMIZATION_LEVEL = 0;
				GCC_PREPROCESSOR_DEFINITIONS = (
					"DEBUG=1",
					"$(inherited)",
				);
				GCC_WARN_64_TO_32_BIT_CONVERSION = YES;
				GCC_WARN_ABOUT_RETURN_TYPE = YES_ERROR;
				GCC_WARN_UNDECLARED_SELECTOR = YES;
				GCC_WARN_UNINITIALIZED_AUTOS = YES_AGGRESSIVE;
				GCC_WARN_UNUSED_FUNCTION = YES;
				GCC_WARN_UNUSED_VARIABLE = YES;
				IPHONEOS_DEPLOYMENT_TARGET = 16.4;
				MTL_ENABLE_DEBUG_INFO = INCLUDE_SOURCE;
				MTL_FAST_MATH = YES;
				ONLY_ACTIVE_ARCH = YES;
				SDKROOT = iphoneos;
				SWIFT_ACTIVE_COMPILATION_CONDITIONS = DEBUG;
				SWIFT_OPTIMIZATION_LEVEL = "-Onone";
			};
			name = Debug;
		};
		272488CF2A89CB1500572023 /* Release */ = {
			isa = XCBuildConfiguration;
			buildSettings = {
				ALWAYS_SEARCH_USER_PATHS = NO;
				CLANG_ANALYZER_NONNULL = YES;
				CLANG_ANALYZER_NUMBER_OBJECT_CONVERSION = YES_AGGRESSIVE;
				CLANG_CXX_LANGUAGE_STANDARD = "gnu++20";
				CLANG_ENABLE_MODULES = YES;
				CLANG_ENABLE_OBJC_ARC = YES;
				CLANG_ENABLE_OBJC_WEAK = YES;
				CLANG_WARN_BLOCK_CAPTURE_AUTORELEASING = YES;
				CLANG_WARN_BOOL_CONVERSION = YES;
				CLANG_WARN_COMMA = YES;
				CLANG_WARN_CONSTANT_CONVERSION = YES;
				CLANG_WARN_DEPRECATED_OBJC_IMPLEMENTATIONS = YES;
				CLANG_WARN_DIRECT_OBJC_ISA_USAGE = YES_ERROR;
				CLANG_WARN_DOCUMENTATION_COMMENTS = YES;
				CLANG_WARN_EMPTY_BODY = YES;
				CLANG_WARN_ENUM_CONVERSION = YES;
				CLANG_WARN_INFINITE_RECURSION = YES;
				CLANG_WARN_INT_CONVERSION = YES;
				CLANG_WARN_NON_LITERAL_NULL_CONVERSION = YES;
				CLANG_WARN_OBJC_IMPLICIT_RETAIN_SELF = YES;
				CLANG_WARN_OBJC_LITERAL_CONVERSION = YES;
				CLANG_WARN_OBJC_ROOT_CLASS = YES_ERROR;
				CLANG_WARN_QUOTED_INCLUDE_IN_FRAMEWORK_HEADER = YES;
				CLANG_WARN_RANGE_LOOP_ANALYSIS = YES;
				CLANG_WARN_STRICT_PROTOTYPES = YES;
				CLANG_WARN_SUSPICIOUS_MOVE = YES;
				CLANG_WARN_UNGUARDED_AVAILABILITY = YES_AGGRESSIVE;
				CLANG_WARN_UNREACHABLE_CODE = YES;
				CLANG_WARN__DUPLICATE_METHOD_MATCH = YES;
				COPY_PHASE_STRIP = NO;
				DEBUG_INFORMATION_FORMAT = "dwarf-with-dsym";
				ENABLE_NS_ASSERTIONS = NO;
				ENABLE_STRICT_OBJC_MSGSEND = YES;
				GCC_C_LANGUAGE_STANDARD = gnu11;
				GCC_NO_COMMON_BLOCKS = YES;
				GCC_WARN_64_TO_32_BIT_CONVERSION = YES;
				GCC_WARN_ABOUT_RETURN_TYPE = YES_ERROR;
				GCC_WARN_UNDECLARED_SELECTOR = YES;
				GCC_WARN_UNINITIALIZED_AUTOS = YES_AGGRESSIVE;
				GCC_WARN_UNUSED_FUNCTION = YES;
				GCC_WARN_UNUSED_VARIABLE = YES;
				IPHONEOS_DEPLOYMENT_TARGET = 16.4;
				MTL_ENABLE_DEBUG_INFO = NO;
				MTL_FAST_MATH = YES;
				SDKROOT = iphoneos;
				SWIFT_COMPILATION_MODE = wholemodule;
				SWIFT_OPTIMIZATION_LEVEL = "-O";
				VALIDATE_PRODUCT = YES;
			};
			name = Release;
		};
		272488D12A89CB1500572023 /* Debug */ = {
			isa = XCBuildConfiguration;
			buildSettings = {
				ASSETCATALOG_COMPILER_APPICON_NAME = AppIcon;
				ASSETCATALOG_COMPILER_GLOBAL_ACCENT_COLOR_NAME = AccentColor;
				CODE_SIGN_STYLE = Automatic;
				CURRENT_PROJECT_VERSION = 1;
				GENERATE_INFOPLIST_FILE = YES;
				INFOPLIST_FILE = naverBandCopy/Info.plist;
				INFOPLIST_KEY_UIApplicationSupportsIndirectInputEvents = YES;
				INFOPLIST_KEY_UILaunchStoryboardName = LaunchScreen;
				INFOPLIST_KEY_UIMainStoryboardFile = Main;
				INFOPLIST_KEY_UISupportedInterfaceOrientations_iPad = "UIInterfaceOrientationPortrait UIInterfaceOrientationPortraitUpsideDown UIInterfaceOrientationLandscapeLeft UIInterfaceOrientationLandscapeRight";
				INFOPLIST_KEY_UISupportedInterfaceOrientations_iPhone = "UIInterfaceOrientationPortrait UIInterfaceOrientationLandscapeLeft UIInterfaceOrientationLandscapeRight";
				IPHONEOS_DEPLOYMENT_TARGET = 15.6;
				LD_RUNPATH_SEARCH_PATHS = (
					"$(inherited)",
					"@executable_path/Frameworks",
				);
				MARKETING_VERSION = 1.0;
				PRODUCT_BUNDLE_IDENTIFIER = rhd9228.naverBandCopy;
				PRODUCT_NAME = "$(TARGET_NAME)";
				SUPPORTED_PLATFORMS = "iphoneos iphonesimulator";
				SUPPORTS_MACCATALYST = NO;
				SUPPORTS_MAC_DESIGNED_FOR_IPHONE_IPAD = NO;
				SWIFT_EMIT_LOC_STRINGS = YES;
				SWIFT_VERSION = 5.0;
				TARGETED_DEVICE_FAMILY = 1;
			};
			name = Debug;
		};
		272488D22A89CB1500572023 /* Release */ = {
			isa = XCBuildConfiguration;
			buildSettings = {
				ASSETCATALOG_COMPILER_APPICON_NAME = AppIcon;
				ASSETCATALOG_COMPILER_GLOBAL_ACCENT_COLOR_NAME = AccentColor;
				CODE_SIGN_STYLE = Automatic;
				CURRENT_PROJECT_VERSION = 1;
				GENERATE_INFOPLIST_FILE = YES;
				INFOPLIST_FILE = naverBandCopy/Info.plist;
				INFOPLIST_KEY_UIApplicationSupportsIndirectInputEvents = YES;
				INFOPLIST_KEY_UILaunchStoryboardName = LaunchScreen;
				INFOPLIST_KEY_UIMainStoryboardFile = Main;
				INFOPLIST_KEY_UISupportedInterfaceOrientations_iPad = "UIInterfaceOrientationPortrait UIInterfaceOrientationPortraitUpsideDown UIInterfaceOrientationLandscapeLeft UIInterfaceOrientationLandscapeRight";
				INFOPLIST_KEY_UISupportedInterfaceOrientations_iPhone = "UIInterfaceOrientationPortrait UIInterfaceOrientationLandscapeLeft UIInterfaceOrientationLandscapeRight";
				IPHONEOS_DEPLOYMENT_TARGET = 15.6;
				LD_RUNPATH_SEARCH_PATHS = (
					"$(inherited)",
					"@executable_path/Frameworks",
				);
				MARKETING_VERSION = 1.0;
				PRODUCT_BUNDLE_IDENTIFIER = rhd9228.naverBandCopy;
				PRODUCT_NAME = "$(TARGET_NAME)";
				SUPPORTED_PLATFORMS = "iphoneos iphonesimulator";
				SUPPORTS_MACCATALYST = NO;
				SUPPORTS_MAC_DESIGNED_FOR_IPHONE_IPAD = NO;
				SWIFT_EMIT_LOC_STRINGS = YES;
				SWIFT_VERSION = 5.0;
				TARGETED_DEVICE_FAMILY = 1;
			};
			name = Release;
		};
/* End XCBuildConfiguration section */

/* Begin XCConfigurationList section */
		272488B72A89CB1500572023 /* Build configuration list for PBXProject "naverBandCopy" */ = {
			isa = XCConfigurationList;
			buildConfigurations = (
				272488CE2A89CB1500572023 /* Debug */,
				272488CF2A89CB1500572023 /* Release */,
			);
			defaultConfigurationIsVisible = 0;
			defaultConfigurationName = Release;
		};
		272488D02A89CB1500572023 /* Build configuration list for PBXNativeTarget "naverBandCopy" */ = {
			isa = XCConfigurationList;
			buildConfigurations = (
				272488D12A89CB1500572023 /* Debug */,
				272488D22A89CB1500572023 /* Release */,
			);
			defaultConfigurationIsVisible = 0;
			defaultConfigurationName = Release;
		};
/* End XCConfigurationList section */
	};
	rootObject = 272488B42A89CB1500572023 /* Project object */;
}
